
Microsoft Visual Studio Solution File, Format Version 12.00
# Visual Studio Version 17
VisualStudioVersion = 17.0.31903.59
MinimumVisualStudioVersion = 10.0.40219.1
Project("{FAE04EC0-301F-11D3-BF4B-00C04F79EFBC}") = "TransactionProcessor.Api", "TransactionProcessor.Api\TransactionProcessor.Api.csproj", "{D5774712-9071-4428-BFAD-6500AF1B9E34}"
EndProject
Project("{FAE04EC0-301F-11D3-BF4B-00C04F79EFBC}") = "TransactionProcessor.Tests", "TransactionProcessor.Tests\TransactionProcessor.Tests.csproj", "{35B79F80-8AC6-4F3D-9411-7E9D1EF3BA6E}"
EndProject
Global
	GlobalSection(SolutionConfigurationPlatforms) = preSolution
		Debug|Any CPU = Debug|Any CPU
		Release|Any CPU = Release|Any CPU
	EndGlobalSection
	GlobalSection(SolutionProperties) = preSolution
		HideSolutionNode = FALSE
	EndGlobalSection
	GlobalSection(ProjectConfigurationPlatforms) = postSolution
		{D5774712-9071-4428-BFAD-6500AF1B9E34}.Debug|Any CPU.ActiveCfg = Debug|Any CPU
		{D5774712-9071-4428-BFAD-6500AF1B9E34}.Debug|Any CPU.Build.0 = Debug|Any CPU
		{D5774712-9071-4428-BFAD-6500AF1B9E34}.Release|Any CPU.ActiveCfg = Release|Any CPU
		{D5774712-9071-4428-BFAD-6500AF1B9E34}.Release|Any CPU.Build.0 = Release|Any CPU
		{35B79F80-8AC6-4F3D-9411-7E9D1EF3BA6E}.Debug|Any CPU.ActiveCfg = Debug|Any CPU
		{35B79F80-8AC6-4F3D-9411-7E9D1EF3BA6E}.Debug|Any CPU.Build.0 = Debug|Any CPU
		{35B79F80-8AC6-4F3D-9411-7E9D1EF3BA6E}.Release|Any CPU.ActiveCfg = Release|Any CPU
		{35B79F80-8AC6-4F3D-9411-7E9D1EF3BA6E}.Release|Any CPU.Build.0 = Release|Any CPU
	EndGlobalSection
EndGlobal
